#
# This file is autogenerated by pip-compile with Python 3.10
# by the following command:
#
#    pip-compile --all-extras --no-index --output-file=requirements.lock pyproject.toml
#
altgraph==0.17.5
    # via pyinstaller
build==1.6.1
    # via pip-tools
click==8.5.0
    # via pip-tools
colorama==0.4.6
    # via
    #   build
    #   pytest
coverage[toml]==7.16.2
    # via pytest-cov
exceptiongroup==1.3.1
    # via pytest
iniconfig==2.3.0
    # via pytest
packaging==26.3
    # via
    #   build
    #   pyinstaller
    #   pyinstaller-hooks-contrib
    #   pytest
    #   wheel
pefile==2024.8.26
    # via pyinstaller
pip-tools==7.6.1
    # via qserialtool (pyproject.toml)
pluggy==1.6.0
    # via
    #   pytest
    #   pytest-cov
    #   pytest-qt
pygments==2.21.0
    # via pytest
pyinstaller==6.22.3
    # via qserialtool (pyproject.toml)
pyinstaller-hooks-contrib==2026.8
    # via pyinstaller
pyproject-hooks==1.3.3
    # via
    #   build
    #   pip-tools
pyserial==3.5
    # via qserialtool (pyproject.toml)
pyside6==6.11.2
    # via qserialtool (pyproject.toml)
pyside6-addons==6.11.2
    # via pyside6
pyside6-essentials==6.11.2
    # via
    #   pyside6
    #   pyside6-addons
pytest==9.1.1
    # via
    #   pytest-cov
    #   pytest-qt
    #   qserialtool (pyproject.toml)
pytest-cov==7.1.0
    # via qserialtool (pyproject.toml)
pytest-qt==4.5.0
    # via qserialtool (pyproject.toml)
pywin32-ctypes==0.2.3
    # via pyinstaller
ruff==0.16.9
    # via qserialtool (pyproject.toml)
shiboken6==6.11.2
    # via
    #   pyside6
    #   pyside6-addons
    #   pyside6-essentials
tomli==2.4.1
    # via
    #   build
    #   coverage
    #   pip-tools
    #   pyside6
    #   pytest
typing-extensions==4.16.0
    # via
    #   exceptiongroup
    #   pip-tools
    #   pytest-qt
wheel==0.48.0
    # via pip-tools

# The following packages are considered to be unsafe in a requirements file:
# pip
# setuptools
